
Microsoft Visual Studio Solution File, Format Version 12.00
# Visual Studio 15
Project("{FAE04EC0-301F-11D3-BF4B-00C04F79EFBC}") = "TheYoungOnes", "TheYoungOnes\TheYoungOnes.csproj", "{47F189FB-5091-492A-8BA5-AF3013DBE364}"
EndProject
Global
	GlobalSection(SolutionConfigurationPlatforms) = preSolution
		Debug|Any CPU = Debug|Any CPU
		Release|Any CPU = Release|Any CPU
	EndGlobalSection
	GlobalSection(ProjectConfigurationPlatforms) = postSolution
		{47F189FB-5091-492A-8BA5-AF3013DBE364}.Debug|Any CPU.ActiveCfg = Debug|Any CPU
		{47F189FB-5091-492A-8BA5-AF3013DBE364}.Debug|Any CPU.Build.0 = Debug|Any CPU
		{47F189FB-5091-492A-8BA5-AF3013DBE364}.Release|Any CPU.ActiveCfg = Release|Any CPU
		{47F189FB-5091-492A-8BA5-AF3013DBE364}.Release|Any CPU.Build.0 = Release|Any CPU
	EndGlobalSection
EndGlobal
